Microsoft Visual Studio Solution File, Format Version 11.00
# Visual Studio 2010
Project("{FAE04EC0-301F-11D3-BF4B-00C04F79EFBC}") = "Assembly-CSharp", "Assembly-CSharp.csproj", "{ef1f6bc4-1b85-9fbf-1afa-3c75f05b5909}"
EndProject
Project("{FAE04EC0-301F-11D3-BF4B-00C04F79EFBC}") = "VRC.SDKBase.Editor.BuildPipeline", "VRC.SDKBase.Editor.BuildPipeline.csproj", "{ae88a41a-9ca0-be8b-8445-a346de5ee82d}"
EndProject
Project("{FAE04EC0-301F-11D3-BF4B-00C04F79EFBC}") = "Assembly-CSharp-Editor", "Assembly-CSharp-Editor.csproj", "{30b49f92-3834-2005-66e8-48f5ec9d7463}"
EndProject
Project("{FAE04EC0-301F-11D3-BF4B-00C04F79EFBC}") = "VRC.SDKBase.Editor.ShaderStripping", "VRC.SDKBase.Editor.ShaderStripping.csproj", "{9a20051e-4f8c-1152-813e-a947dd0ad2ef}"
EndProject
Global
	GlobalSection(SolutionConfigurationPlatforms) = preSolution
		Debug|Any CPU = Debug|Any CPU
		Release|Any CPU = Release|Any CPU
	EndGlobalSection
	GlobalSection(ProjectConfigurationPlatforms) = postSolution
		{ef1f6bc4-1b85-9fbf-1afa-3c75f05b5909}.Debug|Any CPU.ActiveCfg = Debug|Any CPU
		{ef1f6bc4-1b85-9fbf-1afa-3c75f05b5909}.Debug|Any CPU.Build.0 = Debug|Any CPU
		{ef1f6bc4-1b85-9fbf-1afa-3c75f05b5909}.Release|Any CPU.ActiveCfg = Release|Any CPU
		{ef1f6bc4-1b85-9fbf-1afa-3c75f05b5909}.Release|Any CPU.Build.0 = Release|Any CPU
		{ae88a41a-9ca0-be8b-8445-a346de5ee82d}.Debug|Any CPU.ActiveCfg = Debug|Any CPU
		{ae88a41a-9ca0-be8b-8445-a346de5ee82d}.Debug|Any CPU.Build.0 = Debug|Any CPU
		{ae88a41a-9ca0-be8b-8445-a346de5ee82d}.Release|Any CPU.ActiveCfg = Release|Any CPU
		{ae88a41a-9ca0-be8b-8445-a346de5ee82d}.Release|Any CPU.Build.0 = Release|Any CPU
		{30b49f92-3834-2005-66e8-48f5ec9d7463}.Debug|Any CPU.ActiveCfg = Debug|Any CPU
		{30b49f92-3834-2005-66e8-48f5ec9d7463}.Debug|Any CPU.Build.0 = Debug|Any CPU
		{30b49f92-3834-2005-66e8-48f5ec9d7463}.Release|Any CPU.ActiveCfg = Release|Any CPU
		{30b49f92-3834-2005-66e8-48f5ec9d7463}.Release|Any CPU.Build.0 = Release|Any CPU
		{9a20051e-4f8c-1152-813e-a947dd0ad2ef}.Debug|Any CPU.ActiveCfg = Debug|Any CPU
		{9a20051e-4f8c-1152-813e-a947dd0ad2ef}.Debug|Any CPU.Build.0 = Debug|Any CPU
		{9a20051e-4f8c-1152-813e-a947dd0ad2ef}.Release|Any CPU.ActiveCfg = Release|Any CPU
		{9a20051e-4f8c-1152-813e-a947dd0ad2ef}.Release|Any CPU.Build.0 = Release|Any CPU
	EndGlobalSection
	GlobalSection(SolutionProperties) = preSolution
		HideSolutionNode = FALSE
	EndGlobalSection
EndGlobal
